
Microsoft Visual Studio Solution File, Format Version 12.00
# Visual Studio 15
VisualStudioVersion = 15.0.27428.2027
MinimumVisualStudioVersion = 10.0.40219.1
Project("{FAE04EC0-301F-11D3-BF4B-00C04F79EFBC}") = "lab5", "lab5\lab5.csproj", "{609C782B-5C72-45FD-9EB2-C5B03381D377}"
EndProject
Global
	GlobalSection(SolutionConfigurationPlatforms) = preSolution
		Debug|Any CPU = Debug|Any CPU
		Release|Any CPU = Release|Any CPU
	EndGlobalSection
	GlobalSection(ProjectConfigurationPlatforms) = postSolution
		{609C782B-5C72-45FD-9EB2-C5B03381D377}.Debug|Any CPU.ActiveCfg = Debug|Any CPU
		{609C782B-5C72-45FD-9EB2-C5B03381D377}.Debug|Any CPU.Build.0 = Debug|Any CPU
		{609C782B-5C72-45FD-9EB2-C5B03381D377}.Release|Any CPU.ActiveCfg = Release|Any CPU
		{609C782B-5C72-45FD-9EB2-C5B03381D377}.Release|Any CPU.Build.0 = Release|Any CPU
	EndGlobalSection
	GlobalSection(SolutionProperties) = preSolution
		HideSolutionNode = FALSE
	EndGlobalSection
	GlobalSection(ExtensibilityGlobals) = postSolution
		SolutionGuid = {364BF5D1-6782-4598-BAA3-AEE14A7EE908}
	EndGlobalSection
EndGlobal
